
Microsoft Visual Studio Solution File, Format Version 12.00
# Visual Studio 15
VisualStudioVersion = 15.0.27703.2035
MinimumVisualStudioVersion = 10.0.40219.1
Project("{FAE04EC0-301F-11D3-BF4B-00C04F79EFBC}") = "listcheckbox", "listcheckbox\listcheckbox.csproj", "{12DE12D1-5D80-4C0A-A5D3-B3B8A29FB95A}"
EndProject
Global
	GlobalSection(SolutionConfigurationPlatforms) = preSolution
		Debug|Any CPU = Debug|Any CPU
		Release|Any CPU = Release|Any CPU
	EndGlobalSection
	GlobalSection(ProjectConfigurationPlatforms) = postSolution
		{12DE12D1-5D80-4C0A-A5D3-B3B8A29FB95A}.Debug|Any CPU.ActiveCfg = Debug|Any CPU
		{12DE12D1-5D80-4C0A-A5D3-B3B8A29FB95A}.Debug|Any CPU.Build.0 = Debug|Any CPU
		{12DE12D1-5D80-4C0A-A5D3-B3B8A29FB95A}.Release|Any CPU.ActiveCfg = Release|Any CPU
		{12DE12D1-5D80-4C0A-A5D3-B3B8A29FB95A}.Release|Any CPU.Build.0 = Release|Any CPU
	EndGlobalSection
	GlobalSection(SolutionProperties) = preSolution
		HideSolutionNode = FALSE
	EndGlobalSection
	GlobalSection(ExtensibilityGlobals) = postSolution
		SolutionGuid = {2735D970-A503-4491-B902-377A8E2C6D28}
	EndGlobalSection
EndGlobal
