
Microsoft Visual Studio Solution File, Format Version 12.00
# Visual Studio 15
VisualStudioVersion = 15.0.28307.136
MinimumVisualStudioVersion = 10.0.40219.1
Project("{FAE04EC0-301F-11D3-BF4B-00C04F79EFBC}") = "RandomListBox", "RandomListBox\RandomListBox.csproj", "{5F482187-47E3-4682-8891-BCFD4E15F648}"
EndProject
Global
	GlobalSection(SolutionConfigurationPlatforms) = preSolution
		Debug|Any CPU = Debug|Any CPU
		Release|Any CPU = Release|Any CPU
	EndGlobalSection
	GlobalSection(ProjectConfigurationPlatforms) = postSolution
		{5F482187-47E3-4682-8891-BCFD4E15F648}.Debug|Any CPU.ActiveCfg = Debug|Any CPU
		{5F482187-47E3-4682-8891-BCFD4E15F648}.Debug|Any CPU.Build.0 = Debug|Any CPU
		{5F482187-47E3-4682-8891-BCFD4E15F648}.Release|Any CPU.ActiveCfg = Release|Any CPU
		{5F482187-47E3-4682-8891-BCFD4E15F648}.Release|Any CPU.Build.0 = Release|Any CPU
	EndGlobalSection
	GlobalSection(SolutionProperties) = preSolution
		HideSolutionNode = FALSE
	EndGlobalSection
	GlobalSection(ExtensibilityGlobals) = postSolution
		SolutionGuid = {B64E45BE-F898-44A6-A41B-40D7A0434D03}
	EndGlobalSection
EndGlobal
