
Microsoft Visual Studio Solution File, Format Version 12.00
# Visual Studio 15
VisualStudioVersion = 15.0.27703.2035
MinimumVisualStudioVersion = 10.0.40219.1
Project("{FAE04EC0-301F-11D3-BF4B-00C04F79EFBC}") = "listboxteksayicikarma", "listboxteksayicikarma\listboxteksayicikarma.csproj", "{2A0BA127-F56E-433A-9126-0CAD6CE0789D}"
EndProject
Global
	GlobalSection(SolutionConfigurationPlatforms) = preSolution
		Debug|Any CPU = Debug|Any CPU
		Release|Any CPU = Release|Any CPU
	EndGlobalSection
	GlobalSection(ProjectConfigurationPlatforms) = postSolution
		{2A0BA127-F56E-433A-9126-0CAD6CE0789D}.Debug|Any CPU.ActiveCfg = Debug|Any CPU
		{2A0BA127-F56E-433A-9126-0CAD6CE0789D}.Debug|Any CPU.Build.0 = Debug|Any CPU
		{2A0BA127-F56E-433A-9126-0CAD6CE0789D}.Release|Any CPU.ActiveCfg = Release|Any CPU
		{2A0BA127-F56E-433A-9126-0CAD6CE0789D}.Release|Any CPU.Build.0 = Release|Any CPU
	EndGlobalSection
	GlobalSection(SolutionProperties) = preSolution
		HideSolutionNode = FALSE
	EndGlobalSection
	GlobalSection(ExtensibilityGlobals) = postSolution
		SolutionGuid = {25C8404F-16C9-45DA-B5CC-88A1DC4A37E4}
	EndGlobalSection
EndGlobal
